
Microsoft Visual Studio Solution File, Format Version 12.00
# Visual Studio Version 17
VisualStudioVersion = 17.10.34928.147
MinimumVisualStudioVersion = 10.0.40219.1
Project("{FAE04EC0-301F-11D3-BF4B-00C04F79EFBC}") = "CampusNetworkConnection", "CampusNetworkConnection\CampusNetworkConnection.csproj", "{D3009306-3196-4C15-95AC-5C122F1213B8}"
EndProject
Global
	GlobalSection(SolutionConfigurationPlatforms) = preSolution
		Debug|Any CPU = Debug|Any CPU
		Release|Any CPU = Release|Any CPU
	EndGlobalSection
	GlobalSection(ProjectConfigurationPlatforms) = postSolution
		{D3009306-3196-4C15-95AC-5C122F1213B8}.Debug|Any CPU.ActiveCfg = Debug|Any CPU
		{D3009306-3196-4C15-95AC-5C122F1213B8}.Debug|Any CPU.Build.0 = Debug|Any CPU
		{D3009306-3196-4C15-95AC-5C122F1213B8}.Release|Any CPU.ActiveCfg = Release|Any CPU
		{D3009306-3196-4C15-95AC-5C122F1213B8}.Release|Any CPU.Build.0 = Release|Any CPU
	EndGlobalSection
	GlobalSection(SolutionProperties) = preSolution
		HideSolutionNode = FALSE
	EndGlobalSection
	GlobalSection(ExtensibilityGlobals) = postSolution
		SolutionGuid = {CEE437B4-5732-4512-BA3A-E1760F5EFCED}
	EndGlobalSection
EndGlobal
